
Microsoft Visual Studio Solution File, Format Version 12.00
# Visual Studio Version 17
VisualStudioVersion = 17.6.33801.468
MinimumVisualStudioVersion = 10.0.40219.1
Project("{FAE04EC0-301F-11D3-BF4B-00C04F79EFBC}") = "ConsoleApp3", "ConsoleApp3\ConsoleApp3.csproj", "{97C2A6F4-F92D-4FD6-8A7C-19FF49F0C0E5}"
EndProject
Global
	GlobalSection(SolutionConfigurationPlatforms) = preSolution
		Debug|Any CPU = Debug|Any CPU
		Release|Any CPU = Release|Any CPU
	EndGlobalSection
	GlobalSection(ProjectConfigurationPlatforms) = postSolution
		{97C2A6F4-F92D-4FD6-8A7C-19FF49F0C0E5}.Debug|Any CPU.ActiveCfg = Debug|Any CPU
		{97C2A6F4-F92D-4FD6-8A7C-19FF49F0C0E5}.Debug|Any CPU.Build.0 = Debug|Any CPU
		{97C2A6F4-F92D-4FD6-8A7C-19FF49F0C0E5}.Release|Any CPU.ActiveCfg = Release|Any CPU
		{97C2A6F4-F92D-4FD6-8A7C-19FF49F0C0E5}.Release|Any CPU.Build.0 = Release|Any CPU
	EndGlobalSection
	GlobalSection(SolutionProperties) = preSolution
		HideSolutionNode = FALSE
	EndGlobalSection
	GlobalSection(ExtensibilityGlobals) = postSolution
		SolutionGuid = {3CF94946-EC29-4B32-8A0B-2B85CFBCA210}
	EndGlobalSection
EndGlobal
