
Microsoft Visual Studio Solution File, Format Version 12.00
# Visual Studio Version 17
VisualStudioVersion = 17.5.33627.172
MinimumVisualStudioVersion = 10.0.40219.1
Project("{FAE04EC0-301F-11D3-BF4B-00C04F79EFBC}") = "homework 32", "homework 32\homework 32.csproj", "{A2B37063-01AC-4B8F-8810-5949D965F1D6}"
EndProject
Global
	GlobalSection(SolutionConfigurationPlatforms) = preSolution
		Debug|Any CPU = Debug|Any CPU
		Release|Any CPU = Release|Any CPU
	EndGlobalSection
	GlobalSection(ProjectConfigurationPlatforms) = postSolution
		{A2B37063-01AC-4B8F-8810-5949D965F1D6}.Debug|Any CPU.ActiveCfg = Debug|Any CPU
		{A2B37063-01AC-4B8F-8810-5949D965F1D6}.Debug|Any CPU.Build.0 = Debug|Any CPU
		{A2B37063-01AC-4B8F-8810-5949D965F1D6}.Release|Any CPU.ActiveCfg = Release|Any CPU
		{A2B37063-01AC-4B8F-8810-5949D965F1D6}.Release|Any CPU.Build.0 = Release|Any CPU
	EndGlobalSection
	GlobalSection(SolutionProperties) = preSolution
		HideSolutionNode = FALSE
	EndGlobalSection
	GlobalSection(ExtensibilityGlobals) = postSolution
		SolutionGuid = {5E365A9A-2D79-4CC0-A174-5ED407C2156F}
	EndGlobalSection
EndGlobal
