
Microsoft Visual Studio Solution File, Format Version 12.00
# Visual Studio Version 17
VisualStudioVersion = 17.5.33627.172
MinimumVisualStudioVersion = 10.0.40219.1
Project("{FAE04EC0-301F-11D3-BF4B-00C04F79EFBC}") = "hw_28", "hw_28\hw_28.csproj", "{DA33E039-79D6-43E1-BE02-86C948378C80}"
EndProject
Global
	GlobalSection(SolutionConfigurationPlatforms) = preSolution
		Debug|Any CPU = Debug|Any CPU
		Release|Any CPU = Release|Any CPU
	EndGlobalSection
	GlobalSection(ProjectConfigurationPlatforms) = postSolution
		{DA33E039-79D6-43E1-BE02-86C948378C80}.Debug|Any CPU.ActiveCfg = Debug|Any CPU
		{DA33E039-79D6-43E1-BE02-86C948378C80}.Debug|Any CPU.Build.0 = Debug|Any CPU
		{DA33E039-79D6-43E1-BE02-86C948378C80}.Release|Any CPU.ActiveCfg = Release|Any CPU
		{DA33E039-79D6-43E1-BE02-86C948378C80}.Release|Any CPU.Build.0 = Release|Any CPU
	EndGlobalSection
	GlobalSection(SolutionProperties) = preSolution
		HideSolutionNode = FALSE
	EndGlobalSection
	GlobalSection(ExtensibilityGlobals) = postSolution
		SolutionGuid = {3DC0ACDD-575B-4E0A-B6A6-E8545AD5C04E}
	EndGlobalSection
EndGlobal
